
Microsoft Visual Studio Solution File, Format Version 12.00
# Visual Studio 2013
VisualStudioVersion = 12.0.31101.0
MinimumVisualStudioVersion = 10.0.40219.1
Project("{FAE04EC0-301F-11D3-BF4B-00C04F79EFBC}") = "CustomersAPI", "BankAccounts\CustomersAPI.csproj", "{1CF5C90B-DDE6-4DB9-BC3B-5FCABEB8C5B6}"
EndProject
Project("{FAE04EC0-301F-11D3-BF4B-00C04F79EFBC}") = "BankAccountsAPI.Specs", "BankAccountsAPI.Specs\BankAccountsAPI.Specs.csproj", "{F1C73616-C2BC-4B75-A4EF-639C21BE6F46}"
EndProject
Project("{2150E333-8FDC-42A3-9474-1A3956D46DE8}") = ".nuget", ".nuget", "{7A32EF08-5993-44B3-A703-8D2A8F583967}"
	ProjectSection(SolutionItems) = preProject
		.nuget\NuGet.Config = .nuget\NuGet.Config
		.nuget\NuGet.exe = .nuget\NuGet.exe
		.nuget\NuGet.targets = .nuget\NuGet.targets
		.nuget\packages.config = .nuget\packages.config
	EndProjectSection
EndProject
Project("{FAE04EC0-301F-11D3-BF4B-00C04F79EFBC}") = "BankAccounts.Repository", "BankAccounts.Repository\BankAccounts.Repository.csproj", "{08619679-E39C-4057-9A73-2907D7B2A105}"
EndProject
Project("{FAE04EC0-301F-11D3-BF4B-00C04F79EFBC}") = "BankAccounts.Services", "BankAccounts.Services\BankAccounts.Services.csproj", "{A93F5D63-7DA7-4AA7-8C4D-C8EBDABC2741}"
EndProject
Project("{FAE04EC0-301F-11D3-BF4B-00C04F79EFBC}") = "TiresiasAPI", "TiresiasAPI\TiresiasAPI.csproj", "{2AA5AB81-0706-4E77-A323-7F87758C8802}"
EndProject
Project("{FAE04EC0-301F-11D3-BF4B-00C04F79EFBC}") = "AccountsAPI", "BankAccountsAPI\AccountsAPI.csproj", "{CFF1789F-567B-4E72-ACFD-6EB6108FE7BA}"
EndProject
Global
	GlobalSection(SolutionConfigurationPlatforms) = preSolution
		Debug|Any CPU = Debug|Any CPU
		Release|Any CPU = Release|Any CPU
	EndGlobalSection
	GlobalSection(ProjectConfigurationPlatforms) = postSolution
		{1CF5C90B-DDE6-4DB9-BC3B-5FCABEB8C5B6}.Debug|Any CPU.ActiveCfg = Debug|Any CPU
		{1CF5C90B-DDE6-4DB9-BC3B-5FCABEB8C5B6}.Debug|Any CPU.Build.0 = Debug|Any CPU
		{1CF5C90B-DDE6-4DB9-BC3B-5FCABEB8C5B6}.Release|Any CPU.ActiveCfg = Release|Any CPU
		{1CF5C90B-DDE6-4DB9-BC3B-5FCABEB8C5B6}.Release|Any CPU.Build.0 = Release|Any CPU
		{F1C73616-C2BC-4B75-A4EF-639C21BE6F46}.Debug|Any CPU.ActiveCfg = Debug|Any CPU
		{F1C73616-C2BC-4B75-A4EF-639C21BE6F46}.Debug|Any CPU.Build.0 = Debug|Any CPU
		{F1C73616-C2BC-4B75-A4EF-639C21BE6F46}.Release|Any CPU.ActiveCfg = Release|Any CPU
		{F1C73616-C2BC-4B75-A4EF-639C21BE6F46}.Release|Any CPU.Build.0 = Release|Any CPU
		{08619679-E39C-4057-9A73-2907D7B2A105}.Debug|Any CPU.ActiveCfg = Debug|Any CPU
		{08619679-E39C-4057-9A73-2907D7B2A105}.Debug|Any CPU.Build.0 = Debug|Any CPU
		{08619679-E39C-4057-9A73-2907D7B2A105}.Release|Any CPU.ActiveCfg = Release|Any CPU
		{08619679-E39C-4057-9A73-2907D7B2A105}.Release|Any CPU.Build.0 = Release|Any CPU
		{A93F5D63-7DA7-4AA7-8C4D-C8EBDABC2741}.Debug|Any CPU.ActiveCfg = Debug|Any CPU
		{A93F5D63-7DA7-4AA7-8C4D-C8EBDABC2741}.Debug|Any CPU.Build.0 = Debug|Any CPU
		{A93F5D63-7DA7-4AA7-8C4D-C8EBDABC2741}.Release|Any CPU.ActiveCfg = Release|Any CPU
		{A93F5D63-7DA7-4AA7-8C4D-C8EBDABC2741}.Release|Any CPU.Build.0 = Release|Any CPU
		{2AA5AB81-0706-4E77-A323-7F87758C8802}.Debug|Any CPU.ActiveCfg = Debug|Any CPU
		{2AA5AB81-0706-4E77-A323-7F87758C8802}.Debug|Any CPU.Build.0 = Debug|Any CPU
		{2AA5AB81-0706-4E77-A323-7F87758C8802}.Release|Any CPU.ActiveCfg = Release|Any CPU
		{2AA5AB81-0706-4E77-A323-7F87758C8802}.Release|Any CPU.Build.0 = Release|Any CPU
		{CFF1789F-567B-4E72-ACFD-6EB6108FE7BA}.Debug|Any CPU.ActiveCfg = Debug|Any CPU
		{CFF1789F-567B-4E72-ACFD-6EB6108FE7BA}.Debug|Any CPU.Build.0 = Debug|Any CPU
		{CFF1789F-567B-4E72-ACFD-6EB6108FE7BA}.Release|Any CPU.ActiveCfg = Release|Any CPU
		{CFF1789F-567B-4E72-ACFD-6EB6108FE7BA}.Release|Any CPU.Build.0 = Release|Any CPU
	EndGlobalSection
	GlobalSection(SolutionProperties) = preSolution
		HideSolutionNode = FALSE
	EndGlobalSection
EndGlobal
